# This file is automatically @generated by Cargo.
# It is not intended for manual editing.
version = 3

[[package]]
name = "boxes"
version = "0.1.0"

[[package]]
name = "deref_trait"
version = "0.1.0"

[[package]]
name = "drop_trait"
version = "0.1.0"

[[package]]
name = "limit_tracker"
version = "0.1.0"

[[package]]
name = "nodes"
version = "0.1.0"

[[package]]
name = "ref_count"
version = "0.1.0"
